
Microsoft Visual Studio Solution File, Format Version 12.00
# Visual Studio Version 17
VisualStudioVersion = 17.11.35222.181
MinimumVisualStudioVersion = 10.0.40219.1
Project("{FAE04EC0-301F-11D3-BF4B-00C04F79EFBC}") = "ERPSystem", "ERPSystem\ERPSystem.csproj", "{500CC634-AC28-474F-9475-3063235EC597}"
EndProject
Global
	GlobalSection(SolutionConfigurationPlatforms) = preSolution
		Debug|Any CPU = Debug|Any CPU
		Release|Any CPU = Release|Any CPU
	EndGlobalSection
	GlobalSection(ProjectConfigurationPlatforms) = postSolution
		{500CC634-AC28-474F-9475-3063235EC597}.Debug|Any CPU.ActiveCfg = Debug|Any CPU
		{500CC634-AC28-474F-9475-3063235EC597}.Debug|Any CPU.Build.0 = Debug|Any CPU
		{500CC634-AC28-474F-9475-3063235EC597}.Release|Any CPU.ActiveCfg = Release|Any CPU
		{500CC634-AC28-474F-9475-3063235EC597}.Release|Any CPU.Build.0 = Release|Any CPU
	EndGlobalSection
	GlobalSection(SolutionProperties) = preSolution
		HideSolutionNode = FALSE
	EndGlobalSection
	GlobalSection(ExtensibilityGlobals) = postSolution
		SolutionGuid = {4C533B8E-122C-4D7F-98D2-482B7EABFCF8}
	EndGlobalSection
EndGlobal
